
Microsoft Visual Studio Solution File, Format Version 12.00
# Visual Studio Version 17
VisualStudioVersion = 17.12.35209.166
MinimumVisualStudioVersion = 10.0.40219.1
Project("{FAE04EC0-301F-11D3-BF4B-00C04F79EFBC}") = "API", "API\API.csproj", "{AC3103DB-1C64-49E8-BC06-2506E2CBF401}"
EndProject
Project("{FAE04EC0-301F-11D3-BF4B-00C04F79EFBC}") = "Aplicacao", "Aplicacao\Aplicacao.csproj", "{0BD8A2B6-579B-4CB7-AEA0-AF1541CD9BCD}"
EndProject
Project("{FAE04EC0-301F-11D3-BF4B-00C04F79EFBC}") = "Dominio", "Dominio\Dominio.csproj", "{F1F5985D-8C08-4D10-86B2-E84010D402E9}"
EndProject
Project("{FAE04EC0-301F-11D3-BF4B-00C04F79EFBC}") = "Infraestrutura", "Infraestrutura\Infraestrutura.csproj", "{4B07FD22-FD8B-42CD-A749-238C2D087DF1}"
EndProject
Project("{FAE04EC0-301F-11D3-BF4B-00C04F79EFBC}") = "DesktopApp", "DesktopApp\DesktopApp.csproj", "{19E0CA8E-B9CB-4217-A5E0-361299C478FA}"
EndProject
Project("{2150E333-8FDC-42A3-9474-1A3956D46DE8}") = "UI", "UI", "{ADD5172C-BB25-4858-92A0-52B88202A257}"
EndProject
Project("{2150E333-8FDC-42A3-9474-1A3956D46DE8}") = "API", "API", "{63EDABDE-14E6-4583-AA9E-D681B0A72424}"
EndProject
Project("{FAE04EC0-301F-11D3-BF4B-00C04F79EFBC}") = "Documentacao", "Documentacao\Documentacao.csproj", "{D2E528B5-6A50-4483-A0F6-5E6B09E0EA23}"
EndProject
Project("{FAE04EC0-301F-11D3-BF4B-00C04F79EFBC}") = "WebApp", "WebApp\WebApp.csproj", "{001EA57D-CCDA-4297-9898-63818DE62CB7}"
EndProject
Global
	GlobalSection(SolutionConfigurationPlatforms) = preSolution
		Debug|Any CPU = Debug|Any CPU
		Release|Any CPU = Release|Any CPU
	EndGlobalSection
	GlobalSection(ProjectConfigurationPlatforms) = postSolution
		{AC3103DB-1C64-49E8-BC06-2506E2CBF401}.Debug|Any CPU.ActiveCfg = Debug|Any CPU
		{AC3103DB-1C64-49E8-BC06-2506E2CBF401}.Debug|Any CPU.Build.0 = Debug|Any CPU
		{AC3103DB-1C64-49E8-BC06-2506E2CBF401}.Release|Any CPU.ActiveCfg = Release|Any CPU
		{AC3103DB-1C64-49E8-BC06-2506E2CBF401}.Release|Any CPU.Build.0 = Release|Any CPU
		{0BD8A2B6-579B-4CB7-AEA0-AF1541CD9BCD}.Debug|Any CPU.ActiveCfg = Debug|Any CPU
		{0BD8A2B6-579B-4CB7-AEA0-AF1541CD9BCD}.Debug|Any CPU.Build.0 = Debug|Any CPU
		{0BD8A2B6-579B-4CB7-AEA0-AF1541CD9BCD}.Release|Any CPU.ActiveCfg = Release|Any CPU
		{0BD8A2B6-579B-4CB7-AEA0-AF1541CD9BCD}.Release|Any CPU.Build.0 = Release|Any CPU
		{F1F5985D-8C08-4D10-86B2-E84010D402E9}.Debug|Any CPU.ActiveCfg = Debug|Any CPU
		{F1F5985D-8C08-4D10-86B2-E84010D402E9}.Debug|Any CPU.Build.0 = Debug|Any CPU
		{F1F5985D-8C08-4D10-86B2-E84010D402E9}.Release|Any CPU.ActiveCfg = Release|Any CPU
		{F1F5985D-8C08-4D10-86B2-E84010D402E9}.Release|Any CPU.Build.0 = Release|Any CPU
		{4B07FD22-FD8B-42CD-A749-238C2D087DF1}.Debug|Any CPU.ActiveCfg = Debug|Any CPU
		{4B07FD22-FD8B-42CD-A749-238C2D087DF1}.Debug|Any CPU.Build.0 = Debug|Any CPU
		{4B07FD22-FD8B-42CD-A749-238C2D087DF1}.Release|Any CPU.ActiveCfg = Release|Any CPU
		{4B07FD22-FD8B-42CD-A749-238C2D087DF1}.Release|Any CPU.Build.0 = Release|Any CPU
		{19E0CA8E-B9CB-4217-A5E0-361299C478FA}.Debug|Any CPU.ActiveCfg = Debug|Any CPU
		{19E0CA8E-B9CB-4217-A5E0-361299C478FA}.Debug|Any CPU.Build.0 = Debug|Any CPU
		{19E0CA8E-B9CB-4217-A5E0-361299C478FA}.Release|Any CPU.ActiveCfg = Release|Any CPU
		{19E0CA8E-B9CB-4217-A5E0-361299C478FA}.Release|Any CPU.Build.0 = Release|Any CPU
		{D2E528B5-6A50-4483-A0F6-5E6B09E0EA23}.Debug|Any CPU.ActiveCfg = Debug|Any CPU
		{D2E528B5-6A50-4483-A0F6-5E6B09E0EA23}.Debug|Any CPU.Build.0 = Debug|Any CPU
		{D2E528B5-6A50-4483-A0F6-5E6B09E0EA23}.Release|Any CPU.ActiveCfg = Release|Any CPU
		{D2E528B5-6A50-4483-A0F6-5E6B09E0EA23}.Release|Any CPU.Build.0 = Release|Any CPU
		{001EA57D-CCDA-4297-9898-63818DE62CB7}.Debug|Any CPU.ActiveCfg = Debug|Any CPU
		{001EA57D-CCDA-4297-9898-63818DE62CB7}.Debug|Any CPU.Build.0 = Debug|Any CPU
		{001EA57D-CCDA-4297-9898-63818DE62CB7}.Release|Any CPU.ActiveCfg = Release|Any CPU
		{001EA57D-CCDA-4297-9898-63818DE62CB7}.Release|Any CPU.Build.0 = Release|Any CPU
	EndGlobalSection
	GlobalSection(SolutionProperties) = preSolution
		HideSolutionNode = FALSE
	EndGlobalSection
	GlobalSection(NestedProjects) = preSolution
		{AC3103DB-1C64-49E8-BC06-2506E2CBF401} = {63EDABDE-14E6-4583-AA9E-D681B0A72424}
		{0BD8A2B6-579B-4CB7-AEA0-AF1541CD9BCD} = {63EDABDE-14E6-4583-AA9E-D681B0A72424}
		{F1F5985D-8C08-4D10-86B2-E84010D402E9} = {63EDABDE-14E6-4583-AA9E-D681B0A72424}
		{4B07FD22-FD8B-42CD-A749-238C2D087DF1} = {63EDABDE-14E6-4583-AA9E-D681B0A72424}
		{19E0CA8E-B9CB-4217-A5E0-361299C478FA} = {ADD5172C-BB25-4858-92A0-52B88202A257}
		{001EA57D-CCDA-4297-9898-63818DE62CB7} = {ADD5172C-BB25-4858-92A0-52B88202A257}
	EndGlobalSection
EndGlobal
